
Microsoft Visual Studio Solution File, Format Version 12.00
# Visual Studio Version 17
VisualStudioVersion = 17.11.35327.3
MinimumVisualStudioVersion = 10.0.40219.1
Project("{FAE04EC0-301F-11D3-BF4B-00C04F79EFBC}") = "computarized_Fee_managment", "computarized_Fee_managment\computarized_Fee_managment.csproj", "{2A2294FA-4E11-496E-A798-D5FF77D0B203}"
EndProject
Global
	GlobalSection(SolutionConfigurationPlatforms) = preSolution
		Debug|Any CPU = Debug|Any CPU
		Release|Any CPU = Release|Any CPU
	EndGlobalSection
	GlobalSection(ProjectConfigurationPlatforms) = postSolution
		{2A2294FA-4E11-496E-A798-D5FF77D0B203}.Debug|Any CPU.ActiveCfg = Debug|Any CPU
		{2A2294FA-4E11-496E-A798-D5FF77D0B203}.Debug|Any CPU.Build.0 = Debug|Any CPU
		{2A2294FA-4E11-496E-A798-D5FF77D0B203}.Release|Any CPU.ActiveCfg = Release|Any CPU
		{2A2294FA-4E11-496E-A798-D5FF77D0B203}.Release|Any CPU.Build.0 = Release|Any CPU
	EndGlobalSection
	GlobalSection(SolutionProperties) = preSolution
		HideSolutionNode = FALSE
	EndGlobalSection
	GlobalSection(ExtensibilityGlobals) = postSolution
		SolutionGuid = {14DFAE87-0DD2-4320-A8F7-E83EA10364DD}
	EndGlobalSection
EndGlobal
